
Microsoft Visual Studio Solution File, Format Version 12.00
# Visual Studio Version 17
VisualStudioVersion = 17.4.33213.308
MinimumVisualStudioVersion = 10.0.40219.1
Project("{FAE04EC0-301F-11D3-BF4B-00C04F79EFBC}") = "CQRS.WebApi", "CQRS.WebApi\CQRS.WebApi.csproj", "{904C90C8-C907-44A3-B325-B6732FF2888E}"
EndProject
Global
	GlobalSection(SolutionConfigurationPlatforms) = preSolution
		Debug|Any CPU = Debug|Any CPU
		Release|Any CPU = Release|Any CPU
	EndGlobalSection
	GlobalSection(ProjectConfigurationPlatforms) = postSolution
		{904C90C8-C907-44A3-B325-B6732FF2888E}.Debug|Any CPU.ActiveCfg = Debug|Any CPU
		{904C90C8-C907-44A3-B325-B6732FF2888E}.Debug|Any CPU.Build.0 = Debug|Any CPU
		{904C90C8-C907-44A3-B325-B6732FF2888E}.Release|Any CPU.ActiveCfg = Release|Any CPU
		{904C90C8-C907-44A3-B325-B6732FF2888E}.Release|Any CPU.Build.0 = Release|Any CPU
	EndGlobalSection
	GlobalSection(SolutionProperties) = preSolution
		HideSolutionNode = FALSE
	EndGlobalSection
	GlobalSection(ExtensibilityGlobals) = postSolution
		SolutionGuid = {C0800298-588D-4455-A1FB-DE3C6B36B6A4}
	EndGlobalSection
EndGlobal
